// !$*UTF8*$!
{
	archiveVersion = 1;
	classes = {
	};
	objectVersion = 56;
	objects = {

/* Begin PBXBuildFile section */
		33B29DDC2BA0AE1700CDD374 /* swift_To_Do_AppApp.swift in Sources */ = {isa = PBXBuildFile; fileRef = 33B29DDB2BA0AE1700CDD374 /* swift_To_Do_AppApp.swift */; };
		33B29DDE2BA0AE1700CDD374 /* ContentView.swift in Sources */ = {isa = PBXBuildFile; fileRef = 33B29DDD2BA0AE1700CDD374 /* ContentView.swift */; };
		33B29DE02BA0AE1900CDD374 /* Assets.xcassets in Resources */ = {isa = PBXBuildFile; fileRef = 33B29DDF2BA0AE1900CDD374 /* Assets.xcassets */; };
		33B29DE42BA0AE1900CDD374 /* Preview Assets.xcassets in Resources */ = {isa = PBXBuildFile; fileRef = 33B29DE32BA0AE1900CDD374 /* Preview Assets.xcassets */; };
		33B29DEE2BA0AE1900CDD374 /* swift_To_Do_AppTests.swift in Sources */ = {isa = PBXBuildFile; fileRef = 33B29DED2BA0AE1900CDD374 /* swift_To_Do_AppTests.swift */; };
		33B29DF82BA0AE1900CDD374 /* swift_To_Do_AppUITests.swift in Sources */ = {isa = PBXBuildFile; fileRef = 33B29DF72BA0AE1900CDD374 /* swift_To_Do_AppUITests.swift */; };
		33B29DFA2BA0AE1900CDD374 /* swift_To_Do_AppUITestsLaunchTests.swift in Sources */ = {isa = PBXBuildFile; fileRef = 33B29DF92BA0AE1900CDD374 /* swift_To_Do_AppUITestsLaunchTests.swift */; };
/* End PBXBuildFile section */

/* Begin PBXContainerItemProxy section */
		33B29DEA2BA0AE1900CDD374 /* PBXContainerItemProxy */ = {
			isa = PBXContainerItemProxy;
			containerPortal = 33B29DD02BA0AE1700CDD374 /* Project object */;
			proxyType = 1;
			remoteGlobalIDString = 33B29DD72BA0AE1700CDD374;
			remoteInfo = "swift To Do App";
		};
		33B29DF42BA0AE1900CDD374 /* PBXContainerItemProxy */ = {
			isa = PBXContainerItemProxy;
			containerPortal = 33B29DD02BA0AE1700CDD374 /* Project object */;
			proxyType = 1;
			remoteGlobalIDString = 33B29DD72BA0AE1700CDD374;
			remoteInfo = "swift To Do App";
		};
/* End PBXContainerItemProxy section */

/* Begin PBXFileReference section */
		33B29DD82BA0AE1700CDD374 /* swift To Do App.app */ = {isa = PBXFileReference; explicitFileType = wrapper.application; includeInIndex = 0; path = "swift To Do App.app"; sourceTree = BUILT_PRODUCTS_DIR; };
		33B29DDB2BA0AE1700CDD374 /* swift_To_Do_AppApp.swift */ = {isa = PBXFileReference; lastKnownFileType = sourcecode.swift; path = swift_To_Do_AppApp.swift; sourceTree = "<group>"; };
		33B29DDD2BA0AE1700CDD374 /* ContentView.swift */ = {isa = PBXFileReference; lastKnownFileType = sourcecode.swift; path = ContentView.swift; sourceTree = "<group>"; };
		33B29DDF2BA0AE1900CDD374 /* Assets.xcassets */ = {isa = PBXFileReference; lastKnownFileType = folder.assetcatalog; path = Assets.xcassets; sourceTree = "<group>"; };
		33B29DE12BA0AE1900CDD374 /* swift_To_Do_App.entitlements */ = {isa = PBXFileReference; lastKnownFileType = text.plist.entitlements; path = swift_To_Do_App.entitlements; sourceTree = "<group>"; };
		33B29DE32BA0AE1900CDD374 /* Preview Assets.xcassets */ = {isa = PBXFileReference; lastKnownFileType = folder.assetcatalog; path = "Preview Assets.xcassets"; sourceTree = "<group>"; };
		33B29DE92BA0AE1900CDD374 /* swift To Do AppTests.xctest */ = {isa = PBXFileReference; explicitFileType = wrapper.cfbundle; includeInIndex = 0; path = "swift To Do AppTests.xctest"; sourceTree = BUILT_PRODUCTS_DIR; };
		33B29DED2BA0AE1900CDD374 /* swift_To_Do_AppTests.swift */ = {isa = PBXFileReference; lastKnownFileType = sourcecode.swift; path = swift_To_Do_AppTests.swift; sourceTree = "<group>"; };
		33B29DF32BA0AE1900CDD374 /* swift To Do AppUITests.xctest */ = {isa = PBXFileReference; explicitFileType = wrapper.cfbundle; includeInIndex = 0; path = "swift To Do AppUITests.xctest"; sourceTree = BUILT_PRODUCTS_DIR; };
		33B29DF72BA0AE1900CDD374 /* swift_To_Do_AppUITests.swift */ = {isa = PBXFileReference; lastKnownFileType = sourcecode.swift; path = swift_To_Do_AppUITests.swift; sourceTree = "<group>"; };
		33B29DF92BA0AE1900CDD374 /* swift_To_Do_AppUITestsLaunchTests.swift */ = {isa = PBXFileReference; lastKnownFileType = sourcecode.swift; path = swift_To_Do_AppUITestsLaunchTests.swift; sourceTree = "<group>"; };
/* End PBXFileReference section */

/* Begin PBXFrameworksBuildPhase section */
		33B29DD52BA0AE1700CDD374 /* Frameworks */ = {
			isa = PBXFrameworksBuildPhase;
			buildActionMask = 2147483647;
			files = (
			);
			runOnlyForDeploymentPostprocessing = 0;
		};
		33B29DE62BA0AE1900CDD374 /* Frameworks */ = {
			isa = PBXFrameworksBuildPhase;
			buildActionMask = 2147483647;
			files = (
			);
			runOnlyForDeploymentPostprocessing = 0;
		};
		33B29DF02BA0AE1900CDD374 /* Frameworks */ = {
			isa = PBXFrameworksBuildPhase;
			buildActionMask = 2147483647;
			files = (
			);
			runOnlyForDeploymentPostprocessing = 0;
		};
/* End PBXFrameworksBuildPhase section */

/* Begin PBXGroup section */
		33B29DCF2BA0AE1700CDD374 = {
			isa = PBXGroup;
			children = (
				33B29DDA2BA0AE1700CDD374 /* swift To Do App */,
				33B29DEC2BA0AE1900CDD374 /* swift To Do AppTests */,
				33B29DF62BA0AE1900CDD374 /* swift To Do AppUITests */,
				33B29DD92BA0AE1700CDD374 /* Products */,
			);
			sourceTree = "<group>";
		};
		33B29DD92BA0AE1700CDD374 /* Products */ = {
			isa = PBXGroup;
			children = (
				33B29DD82BA0AE1700CDD374 /* swift To Do App.app */,
				33B29DE92BA0AE1900CDD374 /* swift To Do AppTests.xctest */,
				33B29DF32BA0AE1900CDD374 /* swift To Do AppUITests.xctest */,
			);
			name = Products;
			sourceTree = "<group>";
		};
		33B29DDA2BA0AE1700CDD374 /* swift To Do App */ = {
			isa = PBXGroup;
			children = (
				33B29DDB2BA0AE1700CDD374 /* swift_To_Do_AppApp.swift */,
				33B29DDD2BA0AE1700CDD374 /* ContentView.swift */,
				33B29DDF2BA0AE1900CDD374 /* Assets.xcassets */,
				33B29DE12BA0AE1900CDD374 /* swift_To_Do_App.entitlements */,
				33B29DE22BA0AE1900CDD374 /* Preview Content */,
			);
			path = "swift To Do App";
			sourceTree = "<group>";
		};
		33B29DE22BA0AE1900CDD374 /* Preview Content */ = {
			isa = PBXGroup;
			children = (
				33B29DE32BA0AE1900CDD374 /* Preview Assets.xcassets */,
			);
			path = "Preview Content";
			sourceTree = "<group>";
		};
		33B29DEC2BA0AE1900CDD374 /* swift To Do AppTests */ = {
			isa = PBXGroup;
			children = (
				33B29DED2BA0AE1900CDD374 /* swift_To_Do_AppTests.swift */,
			);
			path = "swift To Do AppTests";
			sourceTree = "<group>";
		};
		33B29DF62BA0AE1900CDD374 /* swift To Do AppUITests */ = {
			isa = PBXGroup;
			children = (
				33B29DF72BA0AE1900CDD374 /* swift_To_Do_AppUITests.swift */,
				33B29DF92BA0AE1900CDD374 /* swift_To_Do_AppUITestsLaunchTests.swift */,
			);
			path = "swift To Do AppUITests";
			sourceTree = "<group>";
		};
/* End PBXGroup section */

/* Begin PBXNativeTarget section */
		33B29DD72BA0AE1700CDD374 /* swift To Do App */ = {
			isa = PBXNativeTarget;
			buildConfigurationList = 33B29DFD2BA0AE1900CDD374 /* Build configuration list for PBXNativeTarget "swift To Do App" */;
			buildPhases = (
				33B29DD42BA0AE1700CDD374 /* Sources */,
				33B29DD52BA0AE1700CDD374 /* Frameworks */,
				33B29DD62BA0AE1700CDD374 /* Resources */,
			);
			buildRules = (
			);
			dependencies = (
			);
			name = "swift To Do App";
			productName = "swift To Do App";
			productReference = 33B29DD82BA0AE1700CDD374 /* swift To Do App.app */;
			productType = "com.apple.product-type.application";
		};
		33B29DE82BA0AE1900CDD374 /* swift To Do AppTests */ = {
			isa = PBXNativeTarget;
			buildConfigurationList = 33B29E002BA0AE1900CDD374 /* Build configuration list for PBXNativeTarget "swift To Do AppTests" */;
			buildPhases = (
				33B29DE52BA0AE1900CDD374 /* Sources */,
				33B29DE62BA0AE1900CDD374 /* Frameworks */,
				33B29DE72BA0AE1900CDD374 /* Resources */,
			);
			buildRules = (
			);
			dependencies = (
				33B29DEB2BA0AE1900CDD374 /* PBXTargetDependency */,
			);
			name = "swift To Do AppTests";
			productName = "swift To Do AppTests";
			productReference = 33B29DE92BA0AE1900CDD374 /* swift To Do AppTests.xctest */;
			productType = "com.apple.product-type.bundle.unit-test";
		};
		33B29DF22BA0AE1900CDD374 /* swift To Do AppUITests */ = {
			isa = PBXNativeTarget;
			buildConfigurationList = 33B29E032BA0AE1900CDD374 /* Build configuration list for PBXNativeTarget "swift To Do AppUITests" */;
			buildPhases = (
				33B29DEF2BA0AE1900CDD374 /* Sources */,
				33B29DF02BA0AE1900CDD374 /* Frameworks */,
				33B29DF12BA0AE1900CDD374 /* Resources */,
			);
			buildRules = (
			);
			dependencies = (
				33B29DF52BA0AE1900CDD374 /* PBXTargetDependency */,
			);
			name = "swift To Do AppUITests";
			productName = "swift To Do AppUITests";
			productReference = 33B29DF32BA0AE1900CDD374 /* swift To Do AppUITests.xctest */;
			productType = "com.apple.product-type.bundle.ui-testing";
		};
/* End PBXNativeTarget section */

/* Begin PBXProject section */
		33B29DD02BA0AE1700CDD374 /* Project object */ = {
			isa = PBXProject;
			attributes = {
				BuildIndependentTargetsInParallel = 1;
				LastSwiftUpdateCheck = 1510;
				LastUpgradeCheck = 1510;
				TargetAttributes = {
					33B29DD72BA0AE1700CDD374 = {
						CreatedOnToolsVersion = 15.1;
					};
					33B29DE82BA0AE1900CDD374 = {
						CreatedOnToolsVersion = 15.1;
						TestTargetID = 33B29DD72BA0AE1700CDD374;
					};
					33B29DF22BA0AE1900CDD374 = {
						CreatedOnToolsVersion = 15.1;
						TestTargetID = 33B29DD72BA0AE1700CDD374;
					};
				};
			};
			buildConfigurationList = 33B29DD32BA0AE1700CDD374 /* Build configuration list for PBXProject "swift To Do App" */;
			compatibilityVersion = "Xcode 14.0";
			developmentRegion = en;
			hasScannedForEncodings = 0;
			knownRegions = (
				en,
				Base,
			);
			mainGroup = 33B29DCF2BA0AE1700CDD374;
			productRefGroup = 33B29DD92BA0AE1700CDD374 /* Products */;
			projectDirPath = "";
			projectRoot = "";
			targets = (
				33B29DD72BA0AE1700CDD374 /* swift To Do App */,
				33B29DE82BA0AE1900CDD374 /* swift To Do AppTests */,
				33B29DF22BA0AE1900CDD374 /* swift To Do AppUITests */,
			);
		};
/* End PBXProject section */

/* Begin PBXResourcesBuildPhase section */
		33B29DD62BA0AE1700CDD374 /* Resources */ = {
			isa = PBXResourcesBuildPhase;
			buildActionMask = 2147483647;
			files = (
				33B29DE42BA0AE1900CDD374 /* Preview Assets.xcassets in Resources */,
				33B29DE02BA0AE1900CDD374 /* Assets.xcassets in Resources */,
			);
			runOnlyForDeploymentPostprocessing = 0;
		};
		33B29DE72BA0AE1900CDD374 /* Resources */ = {
			isa = PBXResourcesBuildPhase;
			buildActionMask = 2147483647;
			files = (
			);
			runOnlyForDeploymentPostprocessing = 0;
		};
		33B29DF12BA0AE1900CDD374 /* Resources */ = {
			isa = PBXResourcesBuildPhase;
			buildActionMask = 2147483647;
			files = (
			);
			runOnlyForDeploymentPostprocessing = 0;
		};
/* End PBXResourcesBuildPhase section */

/* Begin PBXSourcesBuildPhase section */
		33B29DD42BA0AE1700CDD374 /* Sources */ = {
			isa = PBXSourcesBuildPhase;
			buildActionMask = 2147483647;
			files = (
				33B29DDE2BA0AE1700CDD374 /* ContentView.swift in Sources */,
				33B29DDC2BA0AE1700CDD374 /* swift_To_Do_AppApp.swift in Sources */,
			);
			runOnlyForDeploymentPostprocessing = 0;
		};
		33B29DE52BA0AE1900CDD374 /* Sources */ = {
			isa = PBXSourcesBuildPhase;
			buildActionMask = 2147483647;
			files = (
				33B29DEE2BA0AE1900CDD374 /* swift_To_Do_AppTests.swift in Sources */,
			);
			runOnlyForDeploymentPostprocessing = 0;
		};
		33B29DEF2BA0AE1900CDD374 /* Sources */ = {
			isa = PBXSourcesBuildPhase;
			buildActionMask = 2147483647;
			files = (
				33B29DFA2BA0AE1900CDD374 /* swift_To_Do_AppUITestsLaunchTests.swift in Sources */,
				33B29DF82BA0AE1900CDD374 /* swift_To_Do_AppUITests.swift in Sources */,
			);
			runOnlyForDeploymentPostprocessing = 0;
		};
/* End PBXSourcesBuildPhase section */

/* Begin PBXTargetDependency section */
		33B29DEB2BA0AE1900CDD374 /* PBXTargetDependency */ = {
			isa = PBXTargetDependency;
			target = 33B29DD72BA0AE1700CDD374 /* swift To Do App */;
			targetProxy = 33B29DEA2BA0AE1900CDD374 /* PBXContainerItemProxy */;
		};
		33B29DF52BA0AE1900CDD374 /* PBXTargetDependency */ = {
			isa = PBXTargetDependency;
			target = 33B29DD72BA0AE1700CDD374 /* swift To Do App */;
			targetProxy = 33B29DF42BA0AE1900CDD374 /* PBXContainerItemProxy */;
		};
/* End PBXTargetDependency section */

/* Begin XCBuildConfiguration section */
		33B29DFB2BA0AE1900CDD374 /* Debug */ = {
			isa = XCBuildConfiguration;
			buildSettings = {
				ALWAYS_SEARCH_USER_PATHS = NO;
				ASSETCATALOG_COMPILER_GENERATE_SWIFT_ASSET_SYMBOL_EXTENSIONS = YES;
				CLANG_ANALYZER_NONNULL = YES;
				CLANG_ANALYZER_NUMBER_OBJECT_CONVERSION = YES_AGGRESSIVE;
				CLANG_CXX_LANGUAGE_STANDARD = "gnu++20";
				CLANG_ENABLE_MODULES = YES;
				CLANG_ENABLE_OBJC_ARC = YES;
				CLANG_ENABLE_OBJC_WEAK = YES;
				CLANG_WARN_BLOCK_CAPTURE_AUTORELEASING = YES;
				CLANG_WARN_BOOL_CONVERSION = YES;
				CLANG_WARN_COMMA = YES;
				CLANG_WARN_CONSTANT_CONVERSION = YES;
				CLANG_WARN_DEPRECATED_OBJC_IMPLEMENTATIONS = YES;
				CLANG_WARN_DIRECT_OBJC_ISA_USAGE = YES_ERROR;
				CLANG_WARN_DOCUMENTATION_COMMENTS = YES;
				CLANG_WARN_EMPTY_BODY = YES;
				CLANG_WARN_ENUM_CONVERSION = YES;
				CLANG_WARN_INFINITE_RECURSION = YES;
				CLANG_WARN_INT_CONVERSION = YES;
				CLANG_WARN_NON_LITERAL_NULL_CONVERSION = YES;
				CLANG_WARN_OBJC_IMPLICIT_RETAIN_SELF = YES;
				CLANG_WARN_OBJC_LITERAL_CONVERSION = YES;
				CLANG_WARN_OBJC_ROOT_CLASS = YES_ERROR;
				CLANG_WARN_QUOTED_INCLUDE_IN_FRAMEWORK_HEADER = YES;
				CLANG_WARN_RANGE_LOOP_ANALYSIS = YES;
				CLANG_WARN_STRICT_PROTOTYPES = YES;
				CLANG_WARN_SUSPICIOUS_MOVE = YES;
				CLANG_WARN_UNGUARDED_AVAILABILITY = YES_AGGRESSIVE;
				CLANG_WARN_UNREACHABLE_CODE = YES;
				CLANG_WARN__DUPLICATE_METHOD_MATCH = YES;
				COPY_PHASE_STRIP = NO;
				DEBUG_INFORMATION_FORMAT = dwarf;
				ENABLE_STRICT_OBJC_MSGSEND = YES;
				ENABLE_TESTABILITY = YES;
				ENABLE_USER_SCRIPT_SANDBOXING = YES;
				GCC_C_LANGUAGE_STANDARD = gnu17;
				GCC_DYNAMIC_NO_PIC = NO;
				GCC_NO_COMMON_BLOCKS = YES;
				GCC_OPTIMIZATION_LEVEL = 0;
				GCC_PREPROCESSOR_DEFINITIONS = (
					"DEBUG=1",
					"$(inherited)",
				);
				GCC_WARN_64_TO_32_BIT_CONVERSION = YES;
				GCC_WARN_ABOUT_RETURN_TYPE = YES_ERROR;
				GCC_WARN_UNDECLARED_SELECTOR = YES;
				GCC_WARN_UNINITIALIZED_AUTOS = YES_AGGRESSIVE;
				GCC_WARN_UNUSED_FUNCTION = YES;
				GCC_WARN_UNUSED_VARIABLE = YES;
				LOCALIZATION_PREFERS_STRING_CATALOGS = YES;
				MTL_ENABLE_DEBUG_INFO = INCLUDE_SOURCE;
				MTL_FAST_MATH = YES;
				ONLY_ACTIVE_ARCH = YES;
				SWIFT_ACTIVE_COMPILATION_CONDITIONS = "DEBUG $(inherited)";
				SWIFT_OPTIMIZATION_LEVEL = "-Onone";
			};
			name = Debug;
		};
		33B29DFC2BA0AE1900CDD374 /* Release */ = {
			isa = XCBuildConfiguration;
			buildSettings = {
				ALWAYS_SEARCH_USER_PATHS = NO;
				ASSETCATALOG_COMPILER_GENERATE_SWIFT_ASSET_SYMBOL_EXTENSIONS = YES;
				CLANG_ANALYZER_NONNULL = YES;
				CLANG_ANALYZER_NUMBER_OBJECT_CONVERSION = YES_AGGRESSIVE;
				CLANG_CXX_LANGUAGE_STANDARD = "gnu++20";
				CLANG_ENABLE_MODULES = YES;
				CLANG_ENABLE_OBJC_ARC = YES;
				CLANG_ENABLE_OBJC_WEAK = YES;
				CLANG_WARN_BLOCK_CAPTURE_AUTORELEASING = YES;
				CLANG_WARN_BOOL_CONVERSION = YES;
				CLANG_WARN_COMMA = YES;
				CLANG_WARN_CONSTANT_CONVERSION = YES;
				CLANG_WARN_DEPRECATED_OBJC_IMPLEMENTATIONS = YES;
				CLANG_WARN_DIRECT_OBJC_ISA_USAGE = YES_ERROR;
				CLANG_WARN_DOCUMENTATION_COMMENTS = YES;
				CLANG_WARN_EMPTY_BODY = YES;
				CLANG_WARN_ENUM_CONVERSION = YES;
				CLANG_WARN_INFINITE_RECURSION = YES;
				CLANG_WARN_INT_CONVERSION = YES;
				CLANG_WARN_NON_LITERAL_NULL_CONVERSION = YES;
				CLANG_WARN_OBJC_IMPLICIT_RETAIN_SELF = YES;
				CLANG_WARN_OBJC_LITERAL_CONVERSION = YES;
				CLANG_WARN_OBJC_ROOT_CLASS = YES_ERROR;
				CLANG_WARN_QUOTED_INCLUDE_IN_FRAMEWORK_HEADER = YES;
				CLANG_WARN_RANGE_LOOP_ANALYSIS = YES;
				CLANG_WARN_STRICT_PROTOTYPES = YES;
				CLANG_WARN_SUSPICIOUS_MOVE = YES;
				CLANG_WARN_UNGUARDED_AVAILABILITY = YES_AGGRESSIVE;
				CLANG_WARN_UNREACHABLE_CODE = YES;
				CLANG_WARN__DUPLICATE_METHOD_MATCH = YES;
				COPY_PHASE_STRIP = NO;
				DEBUG_INFORMATION_FORMAT = "dwarf-with-dsym";
				ENABLE_NS_ASSERTIONS = NO;
				ENABLE_STRICT_OBJC_MSGSEND = YES;
				ENABLE_USER_SCRIPT_SANDBOXING = YES;
				GCC_C_LANGUAGE_STANDARD = gnu17;
				GCC_NO_COMMON_BLOCKS = YES;
				GCC_WARN_64_TO_32_BIT_CONVERSION = YES;
				GCC_WARN_ABOUT_RETURN_TYPE = YES_ERROR;
				GCC_WARN_UNDECLARED_SELECTOR = YES;
				GCC_WARN_UNINITIALIZED_AUTOS = YES_AGGRESSIVE;
				GCC_WARN_UNUSED_FUNCTION = YES;
				GCC_WARN_UNUSED_VARIABLE = YES;
				LOCALIZATION_PREFERS_STRING_CATALOGS = YES;
				MTL_ENABLE_DEBUG_INFO = NO;
				MTL_FAST_MATH = YES;
				SWIFT_COMPILATION_MODE = wholemodule;
			};
			name = Release;
		};
		33B29DFE2BA0AE1900CDD374 /* Debug */ = {
			isa = XCBuildConfiguration;
			buildSettings = {
				ASSETCATALOG_COMPILER_APPICON_NAME = AppIcon;
				ASSETCATALOG_COMPILER_GLOBAL_ACCENT_COLOR_NAME = AccentColor;
				CODE_SIGN_ENTITLEMENTS = "swift To Do App/swift_To_Do_App.entitlements";
				CODE_SIGN_STYLE = Automatic;
				CURRENT_PROJECT_VERSION = 1;
				DEVELOPMENT_ASSET_PATHS = "\"swift To Do App/Preview Content\"";
				ENABLE_PREVIEWS = YES;
				GENERATE_INFOPLIST_FILE = YES;
				"INFOPLIST_KEY_UIApplicationSceneManifest_Generation[sdk=iphoneos*]" = YES;
				"INFOPLIST_KEY_UIApplicationSceneManifest_Generation[sdk=iphonesimulator*]" = YES;
				"INFOPLIST_KEY_UIApplicationSupportsIndirectInputEvents[sdk=iphoneos*]" = YES;
				"INFOPLIST_KEY_UIApplicationSupportsIndirectInputEvents[sdk=iphonesimulator*]" = YES;
				"INFOPLIST_KEY_UILaunchScreen_Generation[sdk=iphoneos*]" = YES;
				"INFOPLIST_KEY_UILaunchScreen_Generation[sdk=iphonesimulator*]" = YES;
				"INFOPLIST_KEY_UIStatusBarStyle[sdk=iphoneos*]" = UIStatusBarStyleDefault;
				"INFOPLIST_KEY_UIStatusBarStyle[sdk=iphonesimulator*]" = UIStatusBarStyleDefault;
				INFOPLIST_KEY_UISupportedInterfaceOrientations_iPad = "UIInterfaceOrientationPortrait UIInterfaceOrientationPortraitUpsideDown UIInterfaceOrientationLandscapeLeft UIInterfaceOrientationLandscapeRight";
				INFOPLIST_KEY_UISupportedInterfaceOrientations_iPhone = "UIInterfaceOrientationPortrait UIInterfaceOrientationLandscapeLeft UIInterfaceOrientationLandscapeRight";
				IPHONEOS_DEPLOYMENT_TARGET = 17.2;
				LD_RUNPATH_SEARCH_PATHS = "@executable_path/Frameworks";
				"LD_RUNPATH_SEARCH_PATHS[sdk=macosx*]" = "@executable_path/../Frameworks";
				MACOSX_DEPLOYMENT_TARGET = 14.1;
				MARKETING_VERSION = 1.0;
				PRODUCT_BUNDLE_IDENTIFIER = "Yahir.swift-To-Do-App";
				PRODUCT_NAME = "$(TARGET_NAME)";
				SDKROOT = auto;
				SUPPORTED_PLATFORMS = "iphoneos iphonesimulator macosx";
				SWIFT_EMIT_LOC_STRINGS = YES;
				SWIFT_VERSION = 5.0;
				TARGETED_DEVICE_FAMILY = "1,2";
			};
			name = Debug;
		};
		33B29DFF2BA0AE1900CDD374 /* Release */ = {
			isa = XCBuildConfiguration;
			buildSettings = {
				ASSETCATALOG_COMPILER_APPICON_NAME = AppIcon;
				ASSETCATALOG_COMPILER_GLOBAL_ACCENT_COLOR_NAME = AccentColor;
				CODE_SIGN_ENTITLEMENTS = "swift To Do App/swift_To_Do_App.entitlements";
				CODE_SIGN_STYLE = Automatic;
				CURRENT_PROJECT_VERSION = 1;
				DEVELOPMENT_ASSET_PATHS = "\"swift To Do App/Preview Content\"";
				ENABLE_PREVIEWS = YES;
				GENERATE_INFOPLIST_FILE = YES;
				"INFOPLIST_KEY_UIApplicationSceneManifest_Generation[sdk=iphoneos*]" = YES;
				"INFOPLIST_KEY_UIApplicationSceneManifest_Generation[sdk=iphonesimulator*]" = YES;
				"INFOPLIST_KEY_UIApplicationSupportsIndirectInputEvents[sdk=iphoneos*]" = YES;
				"INFOPLIST_KEY_UIApplicationSupportsIndirectInputEvents[sdk=iphonesimulator*]" = YES;
				"INFOPLIST_KEY_UILaunchScreen_Generation[sdk=iphoneos*]" = YES;
				"INFOPLIST_KEY_UILaunchScreen_Generation[sdk=iphonesimulator*]" = YES;
				"INFOPLIST_KEY_UIStatusBarStyle[sdk=iphoneos*]" = UIStatusBarStyleDefault;
				"INFOPLIST_KEY_UIStatusBarStyle[sdk=iphonesimulator*]" = UIStatusBarStyleDefault;
				INFOPLIST_KEY_UISupportedInterfaceOrientations_iPad = "UIInterfaceOrientationPortrait UIInterfaceOrientationPortraitUpsideDown UIInterfaceOrientationLandscapeLeft UIInterfaceOrientationLandscapeRight";
				INFOPLIST_KEY_UISupportedInterfaceOrientations_iPhone = "UIInterfaceOrientationPortrait UIInterfaceOrientationLandscapeLeft UIInterfaceOrientationLandscapeRight";
				IPHONEOS_DEPLOYMENT_TARGET = 17.2;
				LD_RUNPATH_SEARCH_PATHS = "@executable_path/Frameworks";
				"LD_RUNPATH_SEARCH_PATHS[sdk=macosx*]" = "@executable_path/../Frameworks";
				MACOSX_DEPLOYMENT_TARGET = 14.1;
				MARKETING_VERSION = 1.0;
				PRODUCT_BUNDLE_IDENTIFIER = "Yahir.swift-To-Do-App";
				PRODUCT_NAME = "$(TARGET_NAME)";
				SDKROOT = auto;
				SUPPORTED_PLATFORMS = "iphoneos iphonesimulator macosx";
				SWIFT_EMIT_LOC_STRINGS = YES;
				SWIFT_VERSION = 5.0;
				TARGETED_DEVICE_FAMILY = "1,2";
			};
			name = Release;
		};
		33B29E012BA0AE1900CDD374 /* Debug */ = {
			isa = XCBuildConfiguration;
			buildSettings = {
				ALWAYS_EMBED_SWIFT_STANDARD_LIBRARIES = YES;
				BUNDLE_LOADER = "$(TEST_HOST)";
				CODE_SIGN_STYLE = Automatic;
				CURRENT_PROJECT_VERSION = 1;
				GENERATE_INFOPLIST_FILE = YES;
				IPHONEOS_DEPLOYMENT_TARGET = 17.2;
				MACOSX_DEPLOYMENT_TARGET = 14.1;
				MARKETING_VERSION = 1.0;
				PRODUCT_BUNDLE_IDENTIFIER = "Yahir.swift-To-Do-AppTests";
				PRODUCT_NAME = "$(TARGET_NAME)";
				SDKROOT = auto;
				SUPPORTED_PLATFORMS = "iphoneos iphonesimulator macosx";
				SWIFT_EMIT_LOC_STRINGS = NO;
				SWIFT_VERSION = 5.0;
				TARGETED_DEVICE_FAMILY = "1,2";
				TEST_HOST = "$(BUILT_PRODUCTS_DIR)/swift To Do App.app/$(BUNDLE_EXECUTABLE_FOLDER_PATH)/swift To Do App";
			};
			name = Debug;
		};
		33B29E022BA0AE1900CDD374 /* Release */ = {
			isa = XCBuildConfiguration;
			buildSettings = {
				ALWAYS_EMBED_SWIFT_STANDARD_LIBRARIES = YES;
				BUNDLE_LOADER = "$(TEST_HOST)";
				CODE_SIGN_STYLE = Automatic;
				CURRENT_PROJECT_VERSION = 1;
				GENERATE_INFOPLIST_FILE = YES;
				IPHONEOS_DEPLOYMENT_TARGET = 17.2;
				MACOSX_DEPLOYMENT_TARGET = 14.1;
				MARKETING_VERSION = 1.0;
				PRODUCT_BUNDLE_IDENTIFIER = "Yahir.swift-To-Do-AppTests";
				PRODUCT_NAME = "$(TARGET_NAME)";
				SDKROOT = auto;
				SUPPORTED_PLATFORMS = "iphoneos iphonesimulator macosx";
				SWIFT_EMIT_LOC_STRINGS = NO;
				SWIFT_VERSION = 5.0;
				TARGETED_DEVICE_FAMILY = "1,2";
				TEST_HOST = "$(BUILT_PRODUCTS_DIR)/swift To Do App.app/$(BUNDLE_EXECUTABLE_FOLDER_PATH)/swift To Do App";
			};
			name = Release;
		};
		33B29E042BA0AE1900CDD374 /* Debug */ = {
			isa = XCBuildConfiguration;
			buildSettings = {
				ALWAYS_EMBED_SWIFT_STANDARD_LIBRARIES = YES;
				CODE_SIGN_STYLE = Automatic;
				CURRENT_PROJECT_VERSION = 1;
				GENERATE_INFOPLIST_FILE = YES;
				IPHONEOS_DEPLOYMENT_TARGET = 17.2;
				MACOSX_DEPLOYMENT_TARGET = 14.1;
				MARKETING_VERSION = 1.0;
				PRODUCT_BUNDLE_IDENTIFIER = "Yahir.swift-To-Do-AppUITests";
				PRODUCT_NAME = "$(TARGET_NAME)";
				SDKROOT = auto;
				SUPPORTED_PLATFORMS = "iphoneos iphonesimulator macosx";
				SWIFT_EMIT_LOC_STRINGS = NO;
				SWIFT_VERSION = 5.0;
				TARGETED_DEVICE_FAMILY = "1,2";
				TEST_TARGET_NAME = "swift To Do App";
			};
			name = Debug;
		};
		33B29E052BA0AE1900CDD374 /* Release */ = {
			isa = XCBuildConfiguration;
			buildSettings = {
				ALWAYS_EMBED_SWIFT_STANDARD_LIBRARIES = YES;
				CODE_SIGN_STYLE = Automatic;
				CURRENT_PROJECT_VERSION = 1;
				GENERATE_INFOPLIST_FILE = YES;
				IPHONEOS_DEPLOYMENT_TARGET = 17.2;
				MACOSX_DEPLOYMENT_TARGET = 14.1;
				MARKETING_VERSION = 1.0;
				PRODUCT_BUNDLE_IDENTIFIER = "Yahir.swift-To-Do-AppUITests";
				PRODUCT_NAME = "$(TARGET_NAME)";
				SDKROOT = auto;
				SUPPORTED_PLATFORMS = "iphoneos iphonesimulator macosx";
				SWIFT_EMIT_LOC_STRINGS = NO;
				SWIFT_VERSION = 5.0;
				TARGETED_DEVICE_FAMILY = "1,2";
				TEST_TARGET_NAME = "swift To Do App";
			};
			name = Release;
		};
/* End XCBuildConfiguration section */

/* Begin XCConfigurationList section */
		33B29DD32BA0AE1700CDD374 /* Build configuration list for PBXProject "swift To Do App" */ = {
			isa = XCConfigurationList;
			buildConfigurations = (
				33B29DFB2BA0AE1900CDD374 /* Debug */,
				33B29DFC2BA0AE1900CDD374 /* Release */,
			);
			defaultConfigurationIsVisible = 0;
			defaultConfigurationName = Release;
		};
		33B29DFD2BA0AE1900CDD374 /* Build configuration list for PBXNativeTarget "swift To Do App" */ = {
			isa = XCConfigurationList;
			buildConfigurations = (
				33B29DFE2BA0AE1900CDD374 /* Debug */,
				33B29DFF2BA0AE1900CDD374 /* Release */,
			);
			defaultConfigurationIsVisible = 0;
			defaultConfigurationName = Release;
		};
		33B29E002BA0AE1900CDD374 /* Build configuration list for PBXNativeTarget "swift To Do AppTests" */ = {
			isa = XCConfigurationList;
			buildConfigurations = (
				33B29E012BA0AE1900CDD374 /* Debug */,
				33B29E022BA0AE1900CDD374 /* Release */,
			);
			defaultConfigurationIsVisible = 0;
			defaultConfigurationName = Release;
		};
		33B29E032BA0AE1900CDD374 /* Build configuration list for PBXNativeTarget "swift To Do AppUITests" */ = {
			isa = XCConfigurationList;
			buildConfigurations = (
				33B29E042BA0AE1900CDD374 /* Debug */,
				33B29E052BA0AE1900CDD374 /* Release */,
			);
			defaultConfigurationIsVisible = 0;
			defaultConfigurationName = Release;
		};
/* End XCConfigurationList section */
	};
	rootObject = 33B29DD02BA0AE1700CDD374 /* Project object */;
}
